
Microsoft Visual Studio Solution File, Format Version 12.00
# Visual Studio Version 16
VisualStudioVersion = 25.0.1705.7
MinimumVisualStudioVersion = 10.0.40219.1
Project("{FAE04EC0-301F-11D3-BF4B-00C04F79EFBC}") = "lab6", "lab6\lab6.csproj", "{31DF7892-1592-43CE-B67F-47F115AB4C70}"
EndProject
Global
	GlobalSection(SolutionConfigurationPlatforms) = preSolution
		Debug|Any CPU = Debug|Any CPU
		Release|Any CPU = Release|Any CPU
	EndGlobalSection
	GlobalSection(ProjectConfigurationPlatforms) = postSolution
		{31DF7892-1592-43CE-B67F-47F115AB4C70}.Debug|Any CPU.ActiveCfg = Debug|Any CPU
		{31DF7892-1592-43CE-B67F-47F115AB4C70}.Debug|Any CPU.Build.0 = Debug|Any CPU
		{31DF7892-1592-43CE-B67F-47F115AB4C70}.Release|Any CPU.ActiveCfg = Release|Any CPU
		{31DF7892-1592-43CE-B67F-47F115AB4C70}.Release|Any CPU.Build.0 = Release|Any CPU
	EndGlobalSection
	GlobalSection(SolutionProperties) = preSolution
		HideSolutionNode = FALSE
	EndGlobalSection
	GlobalSection(ExtensibilityGlobals) = postSolution
		SolutionGuid = {0BC8533A-BFF7-4EF3-8A25-9E3B5D838A17}
	EndGlobalSection
EndGlobal
